PODS:
  - JBLoginDataCommands (0.2.0)
  - Kiwi (2.3.1)

DEPENDENCIES:
  - JBLoginDataCommands (from `../`)
  - Kiwi

SPEC REPOS:
  https://github.com/CocoaPods/Specs.git:
    - Kiwi

EXTERNAL SOURCES:
  JBLoginDataCommands:
    :path: "../"

SPEC CHECKSUMS:
  JBLoginDataCommands: 1c48388760c817180c76bb5ccfa390ad5739e7ad
  Kiwi: f038a6c61f7a9e4d7766bff5717aa3b3fdb75f55

PODFILE CHECKSUM: ad8b1bbc48e1ae3301777841296ace050bff8c5a

COCOAPODS: 1.13.0
