PODS:
  - JBLoginDataCommands (0.1.0)
  - Kiwi (2.3.1)

DEPENDENCIES:
  - JBLoginDataCommands (from `../`)
  - Kiwi

EXTERNAL SOURCES:
  JBLoginDataCommands:
    :path: ../

SPEC CHECKSUMS:
  JBLoginDataCommands: 8dc68046929a7c8cbcb102a584ff10638b290f32
  Kiwi: f038a6c61f7a9e4d7766bff5717aa3b3fdb75f55

COCOAPODS: 0.38.2
